
Microsoft Visual Studio Solution File, Format Version 12.00
# Visual Studio 14
VisualStudioVersion = 14.0.25123.0
MinimumVisualStudioVersion = 10.0.40219.1
Project("{FAE04EC0-301F-11D3-BF4B-00C04F79EFBC}") = "HausbauBuch.Droid", "HausbauBuch\HausbauBuch.Droid\HausbauBuch.Droid.csproj", "{617FE33B-E67C-4FE7-9EBA-70FF757C964D}"
EndProject
Project("{FAE04EC0-301F-11D3-BF4B-00C04F79EFBC}") = "HausbauBuch", "HausbauBuch\HausbauBuch\HausbauBuch.csproj", "{696671C7-8729-41AD-8D2E-2E4ECD957658}"
EndProject
Global
	GlobalSection(SolutionConfigurationPlatforms) = preSolution
		Ad-Hoc|Any CPU = Ad-Hoc|Any CPU
		Ad-Hoc|ARM = Ad-Hoc|ARM
		Ad-Hoc|iPhone = Ad-Hoc|iPhone
		Ad-Hoc|iPhoneSimulator = Ad-Hoc|iPhoneSimulator
		Ad-Hoc|x64 = Ad-Hoc|x64
		Ad-Hoc|x86 = Ad-Hoc|x86
		AppStore|Any CPU = AppStore|Any CPU
		AppStore|ARM = AppStore|ARM
		AppStore|iPhone = AppStore|iPhone
		AppStore|iPhoneSimulator = AppStore|iPhoneSimulator
		AppStore|x64 = AppStore|x64
		AppStore|x86 = AppStore|x86
		Debug|Any CPU = Debug|Any CPU
		Debug|ARM = Debug|ARM
		Debug|iPhone = Debug|iPhone
		Debug|iPhoneSimulator = Debug|iPhoneSimulator
		Debug|x64 = Debug|x64
		Debug|x86 = Debug|x86
		Release|Any CPU = Release|Any CPU
		Release|ARM = Release|ARM
		Release|iPhone = Release|iPhone
		Release|iPhoneSimulator = Release|iPhoneSimulator
		Release|x64 = Release|x64
		Release|x86 = Release|x86
	EndGlobalSection
	GlobalSection(ProjectConfigurationPlatforms) = postSolution
		{617FE33B-E67C-4FE7-9EBA-70FF757C964D}.Ad-Hoc|Any CPU.ActiveCfg = Release|Any CPU
		{617FE33B-E67C-4FE7-9EBA-70FF757C964D}.Ad-Hoc|Any CPU.Build.0 = Release|Any CPU
		{617FE33B-E67C-4FE7-9EBA-70FF757C964D}.Ad-Hoc|Any CPU.Deploy.0 = Release|Any CPU
		{617FE33B-E67C-4FE7-9EBA-70FF757C964D}.Ad-Hoc|ARM.ActiveCfg = Release|Any CPU
		{617FE33B-E67C-4FE7-9EBA-70FF757C964D}.Ad-Hoc|ARM.Build.0 = Release|Any CPU
		{617FE33B-E67C-4FE7-9EBA-70FF757C964D}.Ad-Hoc|ARM.Deploy.0 = Release|Any CPU
		{617FE33B-E67C-4FE7-9EBA-70FF757C964D}.Ad-Hoc|iPhone.ActiveCfg = Release|Any CPU
		{617FE33B-E67C-4FE7-9EBA-70FF757C964D}.Ad-Hoc|iPhone.Build.0 = Release|Any CPU
		{617FE33B-E67C-4FE7-9EBA-70FF757C964D}.Ad-Hoc|iPhone.Deploy.0 = Release|Any CPU
		{617FE33B-E67C-4FE7-9EBA-70FF757C964D}.Ad-Hoc|iPhoneSimulator.ActiveCfg = Release|Any CPU
		{617FE33B-E67C-4FE7-9EBA-70FF757C964D}.Ad-Hoc|iPhoneSimulator.Build.0 = Release|Any CPU
		{617FE33B-E67C-4FE7-9EBA-70FF757C964D}.Ad-Hoc|iPhoneSimulator.Deploy.0 = Release|Any CPU
		{617FE33B-E67C-4FE7-9EBA-70FF757C964D}.Ad-Hoc|x64.ActiveCfg = Release|Any CPU
		{617FE33B-E67C-4FE7-9EBA-70FF757C964D}.Ad-Hoc|x64.Build.0 = Release|Any CPU
		{617FE33B-E67C-4FE7-9EBA-70FF757C964D}.Ad-Hoc|x64.Deploy.0 = Release|Any CPU
		{617FE33B-E67C-4FE7-9EBA-70FF757C964D}.Ad-Hoc|x86.ActiveCfg = Release|Any CPU
		{617FE33B-E67C-4FE7-9EBA-70FF757C964D}.Ad-Hoc|x86.Build.0 = Release|Any CPU
		{617FE33B-E67C-4FE7-9EBA-70FF757C964D}.Ad-Hoc|x86.Deploy.0 = Release|Any CPU
		{617FE33B-E67C-4FE7-9EBA-70FF757C964D}.AppStore|Any CPU.ActiveCfg = Release|Any CPU
		{617FE33B-E67C-4FE7-9EBA-70FF757C964D}.AppStore|Any CPU.Build.0 = Release|Any CPU
		{617FE33B-E67C-4FE7-9EBA-70FF757C964D}.AppStore|Any CPU.Deploy.0 = Release|Any CPU
		{617FE33B-E67C-4FE7-9EBA-70FF757C964D}.AppStore|ARM.ActiveCfg = Release|Any CPU
		{617FE33B-E67C-4FE7-9EBA-70FF757C964D}.AppStore|ARM.Build.0 = Release|Any CPU
		{617FE33B-E67C-4FE7-9EBA-70FF757C964D}.AppStore|ARM.Deploy.0 = Release|Any CPU
		{617FE33B-E67C-4FE7-9EBA-70FF757C964D}.AppStore|iPhone.ActiveCfg = Release|Any CPU
		{617FE33B-E67C-4FE7-9EBA-70FF757C964D}.AppStore|iPhone.Build.0 = Release|Any CPU
		{617FE33B-E67C-4FE7-9EBA-70FF757C964D}.AppStore|iPhone.Deploy.0 = Release|Any CPU
		{617FE33B-E67C-4FE7-9EBA-70FF757C964D}.AppStore|iPhoneSimulator.ActiveCfg = Release|Any CPU
		{617FE33B-E67C-4FE7-9EBA-70FF757C964D}.AppStore|iPhoneSimulator.Build.0 = Release|Any CPU
		{617FE33B-E67C-4FE7-9EBA-70FF757C964D}.AppStore|iPhoneSimulator.Deploy.0 = Release|Any CPU
		{617FE33B-E67C-4FE7-9EBA-70FF757C964D}.AppStore|x64.ActiveCfg = Release|Any CPU
		{617FE33B-E67C-4FE7-9EBA-70FF757C964D}.AppStore|x64.Build.0 = Release|Any CPU
		{617FE33B-E67C-4FE7-9EBA-70FF757C964D}.AppStore|x64.Deploy.0 = Release|Any CPU
		{617FE33B-E67C-4FE7-9EBA-70FF757C964D}.AppStore|x86.ActiveCfg = Release|Any CPU
		{617FE33B-E67C-4FE7-9EBA-70FF757C964D}.AppStore|x86.Build.0 = Release|Any CPU
		{617FE33B-E67C-4FE7-9EBA-70FF757C964D}.AppStore|x86.Deploy.0 = Release|Any CPU
		{617FE33B-E67C-4FE7-9EBA-70FF757C964D}.Debug|Any CPU.ActiveCfg = Debug|Any CPU
		{617FE33B-E67C-4FE7-9EBA-70FF757C964D}.Debug|Any CPU.Build.0 = Debug|Any CPU
		{617FE33B-E67C-4FE7-9EBA-70FF757C964D}.Debug|Any CPU.Deploy.0 = Debug|Any CPU
		{617FE33B-E67C-4FE7-9EBA-70FF757C964D}.Debug|ARM.ActiveCfg = Debug|Any CPU
		{617FE33B-E67C-4FE7-9EBA-70FF757C964D}.Debug|ARM.Build.0 = Debug|Any CPU
		{617FE33B-E67C-4FE7-9EBA-70FF757C964D}.Debug|ARM.Deploy.0 = Debug|Any CPU
		{617FE33B-E67C-4FE7-9EBA-70FF757C964D}.Debug|iPhone.ActiveCfg = Debug|Any CPU
		{617FE33B-E67C-4FE7-9EBA-70FF757C964D}.Debug|iPhone.Build.0 = Debug|Any CPU
		{617FE33B-E67C-4FE7-9EBA-70FF757C964D}.Debug|iPhone.Deploy.0 = Debug|Any CPU
		{617FE33B-E67C-4FE7-9EBA-70FF757C964D}.Debug|iPhoneSimulator.ActiveCfg = Debug|Any CPU
		{617FE33B-E67C-4FE7-9EBA-70FF757C964D}.Debug|iPhoneSimulator.Build.0 = Debug|Any CPU
		{617FE33B-E67C-4FE7-9EBA-70FF757C964D}.Debug|iPhoneSimulator.Deploy.0 = Debug|Any CPU
		{617FE33B-E67C-4FE7-9EBA-70FF757C964D}.Debug|x64.ActiveCfg = Debug|Any CPU
		{617FE33B-E67C-4FE7-9EBA-70FF757C964D}.Debug|x64.Build.0 = Debug|Any CPU
		{617FE33B-E67C-4FE7-9EBA-70FF757C964D}.Debug|x64.Deploy.0 = Debug|Any CPU
		{617FE33B-E67C-4FE7-9EBA-70FF757C964D}.Debug|x86.ActiveCfg = Debug|Any CPU
		{617FE33B-E67C-4FE7-9EBA-70FF757C964D}.Debug|x86.Build.0 = Debug|Any CPU
		{617FE33B-E67C-4FE7-9EBA-70FF757C964D}.Debug|x86.Deploy.0 = Debug|Any CPU
		{617FE33B-E67C-4FE7-9EBA-70FF757C964D}.Release|Any CPU.ActiveCfg = Release|Any CPU
		{617FE33B-E67C-4FE7-9EBA-70FF757C964D}.Release|Any CPU.Build.0 = Release|Any CPU
		{617FE33B-E67C-4FE7-9EBA-70FF757C964D}.Release|Any CPU.Deploy.0 = Release|Any CPU
		{617FE33B-E67C-4FE7-9EBA-70FF757C964D}.Release|ARM.ActiveCfg = Release|Any CPU
		{617FE33B-E67C-4FE7-9EBA-70FF757C964D}.Release|ARM.Build.0 = Release|Any CPU
		{617FE33B-E67C-4FE7-9EBA-70FF757C964D}.Release|ARM.Deploy.0 = Release|Any CPU
		{617FE33B-E67C-4FE7-9EBA-70FF757C964D}.Release|iPhone.ActiveCfg = Release|Any CPU
		{617FE33B-E67C-4FE7-9EBA-70FF757C964D}.Release|iPhone.Build.0 = Release|Any CPU
		{617FE33B-E67C-4FE7-9EBA-70FF757C964D}.Release|iPhone.Deploy.0 = Release|Any CPU
		{617FE33B-E67C-4FE7-9EBA-70FF757C964D}.Release|iPhoneSimulator.ActiveCfg = Release|Any CPU
		{617FE33B-E67C-4FE7-9EBA-70FF757C964D}.Release|iPhoneSimulator.Build.0 = Release|Any CPU
		{617FE33B-E67C-4FE7-9EBA-70FF757C964D}.Release|iPhoneSimulator.Deploy.0 = Release|Any CPU
		{617FE33B-E67C-4FE7-9EBA-70FF757C964D}.Release|x64.ActiveCfg = Release|Any CPU
		{617FE33B-E67C-4FE7-9EBA-70FF757C964D}.Release|x64.Build.0 = Release|Any CPU
		{617FE33B-E67C-4FE7-9EBA-70FF757C964D}.Release|x64.Deploy.0 = Release|Any CPU
		{617FE33B-E67C-4FE7-9EBA-70FF757C964D}.Release|x86.ActiveCfg = Release|Any CPU
		{617FE33B-E67C-4FE7-9EBA-70FF757C964D}.Release|x86.Build.0 = Release|Any CPU
		{617FE33B-E67C-4FE7-9EBA-70FF757C964D}.Release|x86.Deploy.0 = Release|Any CPU
		{696671C7-8729-41AD-8D2E-2E4ECD957658}.Ad-Hoc|Any CPU.ActiveCfg = Release|Any CPU
		{696671C7-8729-41AD-8D2E-2E4ECD957658}.Ad-Hoc|Any CPU.Build.0 = Release|Any CPU
		{696671C7-8729-41AD-8D2E-2E4ECD957658}.Ad-Hoc|ARM.ActiveCfg = Release|Any CPU
		{696671C7-8729-41AD-8D2E-2E4ECD957658}.Ad-Hoc|ARM.Build.0 = Release|Any CPU
		{696671C7-8729-41AD-8D2E-2E4ECD957658}.Ad-Hoc|iPhone.ActiveCfg = Release|Any CPU
		{696671C7-8729-41AD-8D2E-2E4ECD957658}.Ad-Hoc|iPhone.Build.0 = Release|Any CPU
		{696671C7-8729-41AD-8D2E-2E4ECD957658}.Ad-Hoc|iPhoneSimulator.ActiveCfg = Release|Any CPU
		{696671C7-8729-41AD-8D2E-2E4ECD957658}.Ad-Hoc|iPhoneSimulator.Build.0 = Release|Any CPU
		{696671C7-8729-41AD-8D2E-2E4ECD957658}.Ad-Hoc|x64.ActiveCfg = Release|Any CPU
		{696671C7-8729-41AD-8D2E-2E4ECD957658}.Ad-Hoc|x64.Build.0 = Release|Any CPU
		{696671C7-8729-41AD-8D2E-2E4ECD957658}.Ad-Hoc|x86.ActiveCfg = Release|Any CPU
		{696671C7-8729-41AD-8D2E-2E4ECD957658}.Ad-Hoc|x86.Build.0 = Release|Any CPU
		{696671C7-8729-41AD-8D2E-2E4ECD957658}.AppStore|Any CPU.ActiveCfg = Release|Any CPU
		{696671C7-8729-41AD-8D2E-2E4ECD957658}.AppStore|Any CPU.Build.0 = Release|Any CPU
		{696671C7-8729-41AD-8D2E-2E4ECD957658}.AppStore|ARM.ActiveCfg = Release|Any CPU
		{696671C7-8729-41AD-8D2E-2E4ECD957658}.AppStore|ARM.Build.0 = Release|Any CPU
		{696671C7-8729-41AD-8D2E-2E4ECD957658}.AppStore|iPhone.ActiveCfg = Release|Any CPU
		{696671C7-8729-41AD-8D2E-2E4ECD957658}.AppStore|iPhone.Build.0 = Release|Any CPU
		{696671C7-8729-41AD-8D2E-2E4ECD957658}.AppStore|iPhoneSimulator.ActiveCfg = Release|Any CPU
		{696671C7-8729-41AD-8D2E-2E4ECD957658}.AppStore|iPhoneSimulator.Build.0 = Release|Any CPU
		{696671C7-8729-41AD-8D2E-2E4ECD957658}.AppStore|x64.ActiveCfg = Release|Any CPU
		{696671C7-8729-41AD-8D2E-2E4ECD957658}.AppStore|x64.Build.0 = Release|Any CPU
		{696671C7-8729-41AD-8D2E-2E4ECD957658}.AppStore|x86.ActiveCfg = Release|Any CPU
		{696671C7-8729-41AD-8D2E-2E4ECD957658}.AppStore|x86.Build.0 = Release|Any CPU
		{696671C7-8729-41AD-8D2E-2E4ECD957658}.Debug|Any CPU.ActiveCfg = Debug|Any CPU
		{696671C7-8729-41AD-8D2E-2E4ECD957658}.Debug|Any CPU.Build.0 = Debug|Any CPU
		{696671C7-8729-41AD-8D2E-2E4ECD957658}.Debug|ARM.ActiveCfg = Debug|Any CPU
		{696671C7-8729-41AD-8D2E-2E4ECD957658}.Debug|ARM.Build.0 = Debug|Any CPU
		{696671C7-8729-41AD-8D2E-2E4ECD957658}.Debug|iPhone.ActiveCfg = Debug|Any CPU
		{696671C7-8729-41AD-8D2E-2E4ECD957658}.Debug|iPhone.Build.0 = Debug|Any CPU
		{696671C7-8729-41AD-8D2E-2E4ECD957658}.Debug|iPhoneSimulator.ActiveCfg = Debug|Any CPU
		{696671C7-8729-41AD-8D2E-2E4ECD957658}.Debug|iPhoneSimulator.Build.0 = Debug|Any CPU
		{696671C7-8729-41AD-8D2E-2E4ECD957658}.Debug|x64.ActiveCfg = Debug|Any CPU
		{696671C7-8729-41AD-8D2E-2E4ECD957658}.Debug|x64.Build.0 = Debug|Any CPU
		{696671C7-8729-41AD-8D2E-2E4ECD957658}.Debug|x86.ActiveCfg = Debug|Any CPU
		{696671C7-8729-41AD-8D2E-2E4ECD957658}.Debug|x86.Build.0 = Debug|Any CPU
		{696671C7-8729-41AD-8D2E-2E4ECD957658}.Release|Any CPU.ActiveCfg = Release|Any CPU
		{696671C7-8729-41AD-8D2E-2E4ECD957658}.Release|Any CPU.Build.0 = Release|Any CPU
		{696671C7-8729-41AD-8D2E-2E4ECD957658}.Release|ARM.ActiveCfg = Release|Any CPU
		{696671C7-8729-41AD-8D2E-2E4ECD957658}.Release|ARM.Build.0 = Release|Any CPU
		{696671C7-8729-41AD-8D2E-2E4ECD957658}.Release|iPhone.ActiveCfg = Release|Any CPU
		{696671C7-8729-41AD-8D2E-2E4ECD957658}.Release|iPhone.Build.0 = Release|Any CPU
		{696671C7-8729-41AD-8D2E-2E4ECD957658}.Release|iPhoneSimulator.ActiveCfg = Release|Any CPU
		{696671C7-8729-41AD-8D2E-2E4ECD957658}.Release|iPhoneSimulator.Build.0 = Release|Any CPU
		{696671C7-8729-41AD-8D2E-2E4ECD957658}.Release|x64.ActiveCfg = Release|Any CPU
		{696671C7-8729-41AD-8D2E-2E4ECD957658}.Release|x64.Build.0 = Release|Any CPU
		{696671C7-8729-41AD-8D2E-2E4ECD957658}.Release|x86.ActiveCfg = Release|Any CPU
		{696671C7-8729-41AD-8D2E-2E4ECD957658}.Release|x86.Build.0 = Release|Any CPU
	EndGlobalSection
	GlobalSection(SolutionProperties) = preSolution
		HideSolutionNode = FALSE
	EndGlobalSection
EndGlobal
